github.com/BurntSushi/toml v1.2.1 h1:9F2/+DoOYIOksmaJFPw1tGFy1eDnIJXg+UHjuD8lTak=
github.com/BurntSushi/toml v1.2.1/go.mod h1:CxXYINrC8qIiEnFrOxCa7Jy5BFHlXnUU2pbicEuybxQ=
github.com/davecgh/go-spew v1.1.1 h1:vj9j/u1bqnvCEfJOwUhtlOARqs3+rkHYY13jYWTU97c=
github.com/davecgh/go-spew v1.1.1/go.mod h1:J7Y8YcW2NihsgmVo/mv3lAwl/skON4iLHjSsI+c5H38=
github.com/fatih/color v1.15.0 h1:kOqh6YHBtK8aywxGerMG2Eq3H6Qgoqeo13Bk2Mv/nBs=
github.com/fatih/color v1.15.0/go.mod h1:0h5ZqXfHYED7Bhv2ZJamyIOUej9KtShiJESRwBDUSsw=
github.com/golang/protobuf v1.5.0/go.mod h1:FsONVRAS9T7sI+LIUmWTfcYkHO4aIWwzhcaSAoJOfIk=
github.com/google/go-cmp v0.5.5/go.mod h1:v8dTdLbMG2kIc/vJvl+f65V22dbkXbowE6jgT/gNBxE=
github.com/iansmith/parigot v0.0.0-20230702130819-d67ad66557ef h1:pc0+UbKnBsW1Fedve+siKiIRakQ3u79qmLRyiWD9BfE=
github.com/iansmith/parigot v0.0.0-20230702130819-d67ad66557ef/go.mod h1:SziKrXj675XUl5npG0puLaCv+K7I/IEH2CkItn5Sz48=
github.com/iansmith/parigot v0.0.0-20230702194321-e03d1515358d h1:blQ+ns+LZcOL1ErUWPsWmoGqra8gWZqyCaKG3rRnhsY=
github.com/iansmith/parigot v0.0.0-20230702194321-e03d1515358d/go.mod h1:SziKrXj675XUl5npG0puLaCv+K7I/IEH2CkItn5Sz48=
github.com/iansmith/parigot v0.0.0-20230702210501-a015fde31b85 h1:Nv0VXVeTx3Yd8U5j/wY4f7pNEcMMXvXBJzsF7hye8eE=
github.com/iansmith/parigot v0.0.0-20230702210501-a015fde31b85/go.mod h1:SziKrXj675XUl5npG0puLaCv+K7I/IEH2CkItn5Sz48=
github.com/iansmith/parigot v0.0.0-20230702220526-af3be95e1c23 h1:KzyAhjEzqm2aXHT3Kjb2TA4gTqlTFZjiEOuQGO8lJ3M=
github.com/iansmith/parigot v0.0.0-20230702220526-af3be95e1c23/go.mod h1:SziKrXj675XUl5npG0puLaCv+K7I/IEH2CkItn5Sz48=
github.com/iansmith/parigot v0.0.0-20230702221908-91dfbe39aae2 h1:r746M9oCluyN3xx0E5EtWUOcdq/Vc7jhIXp6nDyDzag=
github.com/iansmith/parigot v0.0.0-20230702221908-91dfbe39aae2/go.mod h1:SziKrXj675XUl5npG0puLaCv+K7I/IEH2CkItn5Sz48=
github.com/iansmith/parigot v0.0.0-20230702223035-a776765d01cf h1:x3hju6NNTIfnjDODmgwft3PcjEwPROG7q5Xa6XF3G1w=
github.com/iansmith/parigot v0.0.0-20230702223035-a776765d01cf/go.mod h1:SziKrXj675XUl5npG0puLaCv+K7I/IEH2CkItn5Sz48=
github.com/iansmith/parigot v0.0.0-20230702223413-b7cb4d8d7f88 h1:uLKwcbjeNLj4ZOwLIZPqLMB1RMiKDaA92QUaLmTw2ec=
github.com/iansmith/parigot v0.0.0-20230702223413-b7cb4d8d7f88/go.mod h1:SziKrXj675XUl5npG0puLaCv+K7I/IEH2CkItn5Sz48=
github.com/iansmith/parigot v0.0.0-20230703122819-cac0538722de h1:b5RYYPxlWNiumvppsEZbJCCEjEmwRx/X2/d7Gn5mQ1k=
github.com/iansmith/parigot v0.0.0-20230703122819-cac0538722de/go.mod h1:SziKrXj675XUl5npG0puLaCv+K7I/IEH2CkItn5Sz48=
github.com/iansmith/parigot v0.0.0-20230703123237-ad0612012ef8 h1:lOwROMACbTxcU/tg3C4LA2kAAT2vJX8i+cv2Ds8nWn8=
github.com/iansmith/parigot v0.0.0-20230703123237-ad0612012ef8/go.mod h1:SziKrXj675XUl5npG0puLaCv+K7I/IEH2CkItn5Sz48=
github.com/iansmith/parigot v0.0.0-20230703130656-40b35378b965 h1:MgBejpzwfsMXm8aR8aPa3QD685o8v8se62hOxHYXKas=
github.com/iansmith/parigot v0.0.0-20230703130656-40b35378b965/go.mod h1:SziKrXj675XUl5npG0puLaCv+K7I/IEH2CkItn5Sz48=
github.com/iansmith/parigot v0.0.0-20230703131237-dee6efa33d41 h1:aZbvehxTBjHXwywZxQU7+8p3iuTew7taGyn0ZxZJEA8=
github.com/iansmith/parigot v0.0.0-20230703131237-dee6efa33d41/go.mod h1:SziKrXj675XUl5npG0puLaCv+K7I/IEH2CkItn5Sz48=
github.com/iansmith/parigot v0.0.0-20230703131519-1899737609a9 h1:sllFpvWEhGj4Ywhwv5HF8ygiHp4biTS3RmqsH7x4nIM=
github.com/iansmith/parigot v0.0.0-20230703131519-1899737609a9/go.mod h1:SziKrXj675XUl5npG0puLaCv+K7I/IEH2CkItn5Sz48=
github.com/iansmith/parigot v0.0.0-20230703132152-ad7fee806fa7 h1:G6XC4PxnR6Kk35k5B3c+SoPW/SziXM4Kpgi2FWs0D44=
github.com/iansmith/parigot v0.0.0-20230703132152-ad7fee806fa7/go.mod h1:SziKrXj675XUl5npG0puLaCv+K7I/IEH2CkItn5Sz48=
github.com/iansmith/parigot v0.0.0-20230703132751-521cdd5c4486 h1:h+sQZ6ozmYGxm4NkspaSTfFtKvAYVY8nbXoS7bJOpbQ=
github.com/iansmith/parigot v0.0.0-20230703132751-521cdd5c4486/go.mod h1:SziKrXj675XUl5npG0puLaCv+K7I/IEH2CkItn5Sz48=
github.com/iansmith/parigot v0.0.0-20230703133418-116ff55e2024 h1:hwedHrKO9qGVgefv02vWTZxArE/f9KskDjIG6ut+ozs=
github.com/iansmith/parigot v0.0.0-20230703133418-116ff55e2024/go.mod h1:SziKrXj675XUl5npG0puLaCv+K7I/IEH2CkItn5Sz48=
github.com/iansmith/parigot v0.0.0-20230703133818-058437b2be53 h1:BHQQaU/ttlKWwBawgLMagWQIdfAVSCBVGJ9YvTAW9+0=
github.com/iansmith/parigot v0.0.0-20230703133818-058437b2be53/go.mod h1:SziKrXj675XUl5npG0puLaCv+K7I/IEH2CkItn5Sz48=
github.com/iansmith/parigot v0.0.0-20230703140814-629f09f75262 h1:4N/FdYsLLgRINphQFJ/VqiWaGhzH1grQ2J8roInLzMQ=
github.com/iansmith/parigot v0.0.0-20230703140814-629f09f75262/go.mod h1:SziKrXj675XUl5npG0puLaCv+K7I/IEH2CkItn5Sz48=
github.com/iansmith/parigot v0.0.0-20230703143117-cd1832f2cb94 h1:FLXO7igHEnqKb+39YsrpxrhWtSOTknbvqMkYj8HRdSE=
github.com/iansmith/parigot v0.0.0-20230703143117-cd1832f2cb94/go.mod h1:SziKrXj675XUl5npG0puLaCv+K7I/IEH2CkItn5Sz48=
github.com/iansmith/parigot v0.0.0-20230703144614-4a65bff29f24 h1:xjoLK7UI3h2EVUSgcaP27bUF3VxdyUgk/KA5+i1sLZA=
github.com/iansmith/parigot v0.0.0-20230703144614-4a65bff29f24/go.mod h1:SziKrXj675XUl5npG0puLaCv+K7I/IEH2CkItn5Sz48=
github.com/iansmith/parigot v0.0.0-20230703150131-c6a99f62580b h1:AdLhCXQtJVqPTvnF88hBSHDizgXQlURLh2mLxP24WwY=
github.com/iansmith/parigot v0.0.0-20230703150131-c6a99f62580b/go.mod h1:SziKrXj675XUl5npG0puLaCv+K7I/IEH2CkItn5Sz48=
github.com/iansmith/parigot v0.0.0-20230703151404-07df8d93926c h1:Lpi60IKbkbmSitCa81v14esrDffMtS15GS18tgB3Ktg=
github.com/iansmith/parigot v0.0.0-20230703151404-07df8d93926c/go.mod h1:SziKrXj675XUl5npG0puLaCv+K7I/IEH2CkItn5Sz48=
github.com/iansmith/parigot v0.0.0-20230703152117-a378710d5bf2 h1:CysSZpJ3f6EgwEECYKmQ/L04ahiUbjYx1iVy1nphedY=
github.com/iansmith/parigot v0.0.0-20230703152117-a378710d5bf2/go.mod h1:SziKrXj675XUl5npG0puLaCv+K7I/IEH2CkItn5Sz48=
github.com/iansmith/parigot v0.0.0-20230703152508-ebb80389f5fe h1:Ecc8b1aMvXqRSg97DWmoMFLR8ODnt7BI+IqykgjzQOg=
github.com/iansmith/parigot v0.0.0-20230703152508-ebb80389f5fe/go.mod h1:SziKrXj675XUl5npG0puLaCv+K7I/IEH2CkItn5Sz48=
github.com/iansmith/parigot v0.0.0-20230703152937-f6c8ac218e58 h1:kwZ+DSpbi3KcmHg/af1T4ayQsix5WAb+1521OAhqNE0=
github.com/iansmith/parigot v0.0.0-20230703152937-f6c8ac218e58/go.mod h1:SziKrXj675XUl5npG0puLaCv+K7I/IEH2CkItn5Sz48=
github.com/iansmith/parigot v0.0.0-20230703154954-54bda20ba4a2 h1:oyDjXyU6BCPC1hSSpuj0czGi+9iVMkl1ksbxBKi4rgs=
github.com/iansmith/parigot v0.0.0-20230703154954-54bda20ba4a2/go.mod h1:SziKrXj675XUl5npG0puLaCv+K7I/IEH2CkItn5Sz48=
github.com/mattn/go-colorable v0.1.13 h1:fFA4WZxdEF4tXPZVKMLwD8oUnCTTo08duU7wxecdEvA=
github.com/mattn/go-colorable v0.1.13/go.mod h1:7S9/ev0klgBDR4GtXTXX8a3vIGJpMovkB8vQcUbaXHg=
github.com/mattn/go-isatty v0.0.16/go.mod h1:kYGgaQfpe5nmfYZH+SKPsOc2e4SrIfOl2e/yFXSvRLM=
github.com/mattn/go-isatty v0.0.17 h1:BTarxUcIeDqL27Mc+vyvdWYSL28zpIhv3RoTdsLMPng=
github.com/mattn/go-isatty v0.0.17/go.mod h1:kYGgaQfpe5nmfYZH+SKPsOc2e4SrIfOl2e/yFXSvRLM=
github.com/mattn/go-sqlite3 v1.14.17 h1:mCRHCLDUBXgpKAqIKsaAaAsrAlbkeomtRFKXh2L6YIM=
github.com/mattn/go-sqlite3 v1.14.17/go.mod h1:2eHXhiwb8IkHr+BDWZGa96P6+rkvnG63S2DGjv9HUNg=
github.com/tetratelabs/wazero v1.2.1 h1:J4X2hrGzJvt+wqltuvcSjHQ7ujQxA9gb6PeMs4qlUWs=
github.com/tetratelabs/wazero v1.2.1/go.mod h1:wYx2gNRg8/WihJfSDxA1TIL8H+GkfLYm+bIfbblu9VQ=
github.com/yourbasic/graph v0.0.0-20210606180040-8ecfec1c2869 h1:7v7L5lsfw4w8iqBBXETukHo4IPltmD+mWoLRYUmeGN8=
github.com/yourbasic/graph v0.0.0-20210606180040-8ecfec1c2869/go.mod h1:Rfzr+sqaDreiCaoQbFCu3sTXxeFq/9kXRuyOoSlGQHE=
golang.org/x/sys v0.0.0-20220811171246-fbc7d0a398ab/go.mod h1:oPkhp1MJrh7nUepCBck5+mAzfO9JrbApNNgaTdGDITg=
golang.org/x/sys v0.9.0 h1:KS/R3tvhPqvJvwcKfnBHJwwthS11LRhmM5D59eEXa0s=
golang.org/x/sys v0.9.0/go.mod h1:oPkhp1MJrh7nUepCBck5+mAzfO9JrbApNNgaTdGDITg=
golang.org/x/xerrors v0.0.0-20191204190536-9bdfabe68543/go.mod h1:I/5z698sn9Ka8TeJc9MKroUUfqBBauWjQqLJ2OPfmY0=
google.golang.org/protobuf v1.26.0-rc.1/go.mod h1:jlhhOSvTdKEhbULTjvd4ARK9grFBp09yW+WbY/TyQbw=
google.golang.org/protobuf v1.31.0 h1:g0LDEJHgrBl9N9r17Ru3sqWhkIx2NB67okBHPwC7hs8=
google.golang.org/protobuf v1.31.0/go.mod h1:HV8QOd/L58Z+nl8r43ehVNZIU/HEI6OcFqwMG9pJV4I=
